{
  "name": "swiper",
  "version": "1.0.0",
  "lockfileVersion": 2,
  "requires": true,
  "packages": {
    "": {
      "name": "swiper",
      "version": "1.0.0",
      "license": "ISC",
      "dependencies": {
        "swiper": "^7.2.0"
      }
    },
    "node_modules/dom7": {
      "version": "4.0.1",
      "resolved": "https://repo.huaweicloud.com/repository/npm/dom7/-/dom7-4.0.1.tgz",
      "integrity": "sha512-y/RWjw3gK3qQnZz6IqDaIoqH6+xBhcB3Wsh5HFwl0abwuO/NAgbSB31ZbxtBDcuDe8jAX5NYUNDLTx4Ul48sIw==",
      "license": "MIT",
      "dependencies": {
        "ssr-window": "^4.0.0"
      }
    },
    "node_modules/ssr-window": {
      "version": "4.0.1",
      "resolved": "https://repo.huaweicloud.com/repository/npm/ssr-window/-/ssr-window-4.0.1.tgz",
      "integrity": "sha512-5q936lkCk5Lg5hM6tG8Nutdym4vNiuFSWorslTzOn71PWb3Wnx44q/k2Ryn1LWA1G4FtxMzjywUFOiOxPkVGrA==",
      "license": "MIT"
    },
    "node_modules/swiper": {
      "version": "7.2.0",
      "resolved": "https://repo.huaweicloud.com/repository/npm/swiper/-/swiper-7.2.0.tgz",
      "integrity": "sha512-CUL6Nvzcf3fU0b8dHaraYphgBT7l44PY1B6T8b+E12pim4DEcwFZDy/KZoIKrAnn+rfbayCmcksYmSDIP5nDHg==",
      "funding": [
        {
          "type": "patreon",
          "url": "https://www.patreon.com/swiperjs"
        },
        {
          "type": "open_collective",
          "url": "http://opencollective.com/swiper"
        }
      ],
      "hasInstallScript": true,
      "license": "MIT",
      "dependencies": {
        "dom7": "^4.0.1",
        "ssr-window": "^4.0.1"
      },
      "engines": {
        "node": ">= 4.7.0"
      }
    }
  },
  "dependencies": {
    "dom7": {
      "version": "4.0.1",
      "resolved": "https://repo.huaweicloud.com/repository/npm/dom7/-/dom7-4.0.1.tgz",
      "integrity": "sha512-y/RWjw3gK3qQnZz6IqDaIoqH6+xBhcB3Wsh5HFwl0abwuO/NAgbSB31ZbxtBDcuDe8jAX5NYUNDLTx4Ul48sIw==",
      "requires": {
        "ssr-window": "^4.0.0"
      }
    },
    "ssr-window": {
      "version": "4.0.1",
      "resolved": "https://repo.huaweicloud.com/repository/npm/ssr-window/-/ssr-window-4.0.1.tgz",
      "integrity": "sha512-5q936lkCk5Lg5hM6tG8Nutdym4vNiuFSWorslTzOn71PWb3Wnx44q/k2Ryn1LWA1G4FtxMzjywUFOiOxPkVGrA=="
    },
    "swiper": {
      "version": "7.2.0",
      "resolved": "https://repo.huaweicloud.com/repository/npm/swiper/-/swiper-7.2.0.tgz",
      "integrity": "sha512-CUL6Nvzcf3fU0b8dHaraYphgBT7l44PY1B6T8b+E12pim4DEcwFZDy/KZoIKrAnn+rfbayCmcksYmSDIP5nDHg==",
      "requires": {
        "dom7": "^4.0.1",
        "ssr-window": "^4.0.1"
      }
    }
  }
}
